
Microsoft Visual Studio Solution File, Format Version 12.00
# Visual Studio Version 17
VisualStudioVersion = 17.3.32804.467
MinimumVisualStudioVersion = 10.0.40219.1
Project("{FAE04EC0-301F-11D3-BF4B-00C04F79EFBC}") = "LZ77 Unpacker", "LZ77 Unpacker\LZ77 Unpacker.csproj", "{2D6B9647-D36D-422C-9D5B-848260E9C174}"
EndProject
Global
	GlobalSection(SolutionConfigurationPlatforms) = preSolution
		Debug|Any CPU = Debug|Any CPU
		Release|Any CPU = Release|Any CPU
	EndGlobalSection
	GlobalSection(ProjectConfigurationPlatforms) = postSolution
		{2D6B9647-D36D-422C-9D5B-848260E9C174}.Debug|Any CPU.ActiveCfg = Debug|Any CPU
		{2D6B9647-D36D-422C-9D5B-848260E9C174}.Debug|Any CPU.Build.0 = Debug|Any CPU
		{2D6B9647-D36D-422C-9D5B-848260E9C174}.Release|Any CPU.ActiveCfg = Release|Any CPU
		{2D6B9647-D36D-422C-9D5B-848260E9C174}.Release|Any CPU.Build.0 = Release|Any CPU
	EndGlobalSection
	GlobalSection(SolutionProperties) = preSolution
		HideSolutionNode = FALSE
	EndGlobalSection
	GlobalSection(ExtensibilityGlobals) = postSolution
		SolutionGuid = {ABB8B6E2-E349-40DA-9806-B3F7D1CEFE64}
	EndGlobalSection
EndGlobal
